// !$*UTF8*$!
{
	archiveVersion = 1;
	classes = {
	};
	objectVersion = 46;
	objects = {

/* Begin PBXBuildFile section */
		35E6E95551C2BA655BB652E9 /* Pods_ListaTelefonica.framework in Frameworks */ = {isa = PBXBuildFile; fileRef = E8731A2D1FF6489C24145D86 /* Pods_ListaTelefonica.framework */; };
		93F69F501D9452010013F81B /* AppDelegate.swift in Sources */ = {isa = PBXBuildFile; fileRef = 93F69F4F1D9452010013F81B /* AppDelegate.swift */; };
		93F69F521D9452010013F81B /* ViewController.swift in Sources */ = {isa = PBXBuildFile; fileRef = 93F69F511D9452010013F81B /* ViewController.swift */; };
		93F69F551D9452010013F81B /* Main.storyboard in Resources */ = {isa = PBXBuildFile; fileRef = 93F69F531D9452010013F81B /* Main.storyboard */; };
		93F69F571D9452010013F81B /* Assets.xcassets in Resources */ = {isa = PBXBuildFile; fileRef = 93F69F561D9452010013F81B /* Assets.xcassets */; };
		93F69F5A1D9452010013F81B /* LaunchScreen.storyboard in Resources */ = {isa = PBXBuildFile; fileRef = 93F69F581D9452010013F81B /* LaunchScreen.storyboard */; };
		93F69F661D94532D0013F81B /* Service.swift in Sources */ = {isa = PBXBuildFile; fileRef = 93F69F651D94532D0013F81B /* Service.swift */; };
		93F69F681D9453790013F81B /* Status.swift in Sources */ = {isa = PBXBuildFile; fileRef = 93F69F671D9453790013F81B /* Status.swift */; };
		93F69F6A1D9453AB0013F81B /* Response.swift in Sources */ = {isa = PBXBuildFile; fileRef = 93F69F691D9453AB0013F81B /* Response.swift */; };
		93F69F6C1D9453F00013F81B /* Local.swift in Sources */ = {isa = PBXBuildFile; fileRef = 93F69F6B1D9453F00013F81B /* Local.swift */; };
/* End PBXBuildFile section */

/* Begin PBXFileReference section */
		130DA44C580D4B8CBC52B017 /* Pods-ListaTelefonica.release.xcconfig */ = {isa = PBXFileReference; includeInIndex = 1; lastKnownFileType = text.xcconfig; name = "Pods-ListaTelefonica.release.xcconfig"; path = "Pods/Target Support Files/Pods-ListaTelefonica/Pods-ListaTelefonica.release.xcconfig"; sourceTree = "<group>"; };
		21FBDD3A7B982F2099ED885A /* Pods-ListaTelefonica.debug.xcconfig */ = {isa = PBXFileReference; includeInIndex = 1; lastKnownFileType = text.xcconfig; name = "Pods-ListaTelefonica.debug.xcconfig"; path = "Pods/Target Support Files/Pods-ListaTelefonica/Pods-ListaTelefonica.debug.xcconfig"; sourceTree = "<group>"; };
		93F69F4C1D9452010013F81B /* ListaTelefonica.app */ = {isa = PBXFileReference; explicitFileType = wrapper.application; includeInIndex = 0; path = ListaTelefonica.app; sourceTree = BUILT_PRODUCTS_DIR; };
		93F69F4F1D9452010013F81B /* AppDelegate.swift */ = {isa = PBXFileReference; lastKnownFileType = sourcecode.swift; path = AppDelegate.swift; sourceTree = "<group>"; };
		93F69F511D9452010013F81B /* ViewController.swift */ = {isa = PBXFileReference; lastKnownFileType = sourcecode.swift; path = ViewController.swift; sourceTree = "<group>"; };
		93F69F541D9452010013F81B /* Base */ = {isa = PBXFileReference; lastKnownFileType = file.storyboard; name = Base; path = Base.lproj/Main.storyboard; sourceTree = "<group>"; };
		93F69F561D9452010013F81B /* Assets.xcassets */ = {isa = PBXFileReference; lastKnownFileType = folder.assetcatalog; path = Assets.xcassets; sourceTree = "<group>"; };
		93F69F591D9452010013F81B /* Base */ = {isa = PBXFileReference; lastKnownFileType = file.storyboard; name = Base; path = Base.lproj/LaunchScreen.storyboard; sourceTree = "<group>"; };
		93F69F5B1D9452010013F81B /* Info.plist */ = {isa = PBXFileReference; lastKnownFileType = text.plist.xml; path = Info.plist; sourceTree = "<group>"; };
		93F69F651D94532D0013F81B /* Service.swift */ = {isa = PBXFileReference; fileEncoding = 4; lastKnownFileType = sourcecode.swift; path = Service.swift; sourceTree = "<group>"; };
		93F69F671D9453790013F81B /* Status.swift */ = {isa = PBXFileReference; fileEncoding = 4; lastKnownFileType = sourcecode.swift; path = Status.swift; sourceTree = "<group>"; };
		93F69F691D9453AB0013F81B /* Response.swift */ = {isa = PBXFileReference; fileEncoding = 4; lastKnownFileType = sourcecode.swift; path = Response.swift; sourceTree = "<group>"; };
		93F69F6B1D9453F00013F81B /* Local.swift */ = {isa = PBXFileReference; fileEncoding = 4; lastKnownFileType = sourcecode.swift; path = Local.swift; sourceTree = "<group>"; };
		E8731A2D1FF6489C24145D86 /* Pods_ListaTelefonica.framework */ = {isa = PBXFileReference; explicitFileType = wrapper.framework; includeInIndex = 0; path = Pods_ListaTelefonica.framework; sourceTree = BUILT_PRODUCTS_DIR; };
/* End PBXFileReference section */

/* Begin PBXFrameworksBuildPhase section */
		93F69F491D9452010013F81B /* Frameworks */ = {
			isa = PBXFrameworksBuildPhase;
			buildActionMask = 2147483647;
			files = (
				35E6E95551C2BA655BB652E9 /* Pods_ListaTelefonica.framework in Frameworks */,
			);
			runOnlyForDeploymentPostprocessing = 0;
		};
/* End PBXFrameworksBuildPhase section */

/* Begin PBXGroup section */
		6530783F2136E08A75CE4135 /* Pods */ = {
			isa = PBXGroup;
			children = (
				21FBDD3A7B982F2099ED885A /* Pods-ListaTelefonica.debug.xcconfig */,
				130DA44C580D4B8CBC52B017 /* Pods-ListaTelefonica.release.xcconfig */,
			);
			name = Pods;
			sourceTree = "<group>";
		};
		93F69F431D9452000013F81B = {
			isa = PBXGroup;
			children = (
				93F69F4E1D9452010013F81B /* ListaTelefonica */,
				93F69F4D1D9452010013F81B /* Products */,
				6530783F2136E08A75CE4135 /* Pods */,
				FD8E2DE3B137ED4D65F7AB45 /* Frameworks */,
			);
			sourceTree = "<group>";
		};
		93F69F4D1D9452010013F81B /* Products */ = {
			isa = PBXGroup;
			children = (
				93F69F4C1D9452010013F81B /* ListaTelefonica.app */,
			);
			name = Products;
			sourceTree = "<group>";
		};
		93F69F4E1D9452010013F81B /* ListaTelefonica */ = {
			isa = PBXGroup;
			children = (
				93F69F621D9452C30013F81B /* data */,
				93F69F611D9452BE0013F81B /* model */,
				93F69F4F1D9452010013F81B /* AppDelegate.swift */,
				93F69F511D9452010013F81B /* ViewController.swift */,
				93F69F531D9452010013F81B /* Main.storyboard */,
				93F69F561D9452010013F81B /* Assets.xcassets */,
				93F69F581D9452010013F81B /* LaunchScreen.storyboard */,
				93F69F5B1D9452010013F81B /* Info.plist */,
			);
			path = ListaTelefonica;
			sourceTree = "<group>";
		};
		93F69F611D9452BE0013F81B /* model */ = {
			isa = PBXGroup;
			children = (
				93F69F671D9453790013F81B /* Status.swift */,
				93F69F691D9453AB0013F81B /* Response.swift */,
				93F69F6B1D9453F00013F81B /* Local.swift */,
			);
			name = model;
			sourceTree = "<group>";
		};
		93F69F621D9452C30013F81B /* data */ = {
			isa = PBXGroup;
			children = (
				93F69F651D94532D0013F81B /* Service.swift */,
			);
			name = data;
			sourceTree = "<group>";
		};
		FD8E2DE3B137ED4D65F7AB45 /* Frameworks */ = {
			isa = PBXGroup;
			children = (
				E8731A2D1FF6489C24145D86 /* Pods_ListaTelefonica.framework */,
			);
			name = Frameworks;
			sourceTree = "<group>";
		};
/* End PBXGroup section */

/* Begin PBXNativeTarget section */
		93F69F4B1D9452010013F81B /* ListaTelefonica */ = {
			isa = PBXNativeTarget;
			buildConfigurationList = 93F69F5E1D9452010013F81B /* Build configuration list for PBXNativeTarget "ListaTelefonica" */;
			buildPhases = (
				3BC952E08659A9E02BF3878E /* 📦 Check Pods Manifest.lock */,
				93F69F481D9452010013F81B /* Sources */,
				93F69F491D9452010013F81B /* Frameworks */,
				93F69F4A1D9452010013F81B /* Resources */,
				E9E5206E51AA34EE186B0E71 /* 📦 Embed Pods Frameworks */,
				4CB6EB2C81D4DB9DA1BBD380 /* 📦 Copy Pods Resources */,
			);
			buildRules = (
			);
			dependencies = (
			);
			name = ListaTelefonica;
			productName = ListaTelefonica;
			productReference = 93F69F4C1D9452010013F81B /* ListaTelefonica.app */;
			productType = "com.apple.product-type.application";
		};
/* End PBXNativeTarget section */

/* Begin PBXProject section */
		93F69F441D9452000013F81B /* Project object */ = {
			isa = PBXProject;
			attributes = {
				LastSwiftUpdateCheck = 0730;
				LastUpgradeCheck = 0730;
				ORGANIZATIONNAME = "Rodrigo Cavalcante";
				TargetAttributes = {
					93F69F4B1D9452010013F81B = {
						CreatedOnToolsVersion = 7.3.1;
					};
				};
			};
			buildConfigurationList = 93F69F471D9452000013F81B /* Build configuration list for PBXProject "ListaTelefonica" */;
			compatibilityVersion = "Xcode 3.2";
			developmentRegion = English;
			hasScannedForEncodings = 0;
			knownRegions = (
				en,
				Base,
			);
			mainGroup = 93F69F431D9452000013F81B;
			productRefGroup = 93F69F4D1D9452010013F81B /* Products */;
			projectDirPath = "";
			projectRoot = "";
			targets = (
				93F69F4B1D9452010013F81B /* ListaTelefonica */,
			);
		};
/* End PBXProject section */

/* Begin PBXResourcesBuildPhase section */
		93F69F4A1D9452010013F81B /* Resources */ = {
			isa = PBXResourcesBuildPhase;
			buildActionMask = 2147483647;
			files = (
				93F69F5A1D9452010013F81B /* LaunchScreen.storyboard in Resources */,
				93F69F571D9452010013F81B /* Assets.xcassets in Resources */,
				93F69F551D9452010013F81B /* Main.storyboard in Resources */,
			);
			runOnlyForDeploymentPostprocessing = 0;
		};
/* End PBXResourcesBuildPhase section */

/* Begin PBXShellScriptBuildPhase section */
		3BC952E08659A9E02BF3878E /* 📦 Check Pods Manifest.lock */ = {
			isa = PBXShellScriptBuildPhase;
			buildActionMask = 2147483647;
			files = (
			);
			inputPaths = (
			);
			name = "📦 Check Pods Manifest.lock";
			outputPaths = (
			);
			runOnlyForDeploymentPostprocessing = 0;
			shellPath = /bin/sh;
			shellScript = "diff \"${PODS_ROOT}/../Podfile.lock\" \"${PODS_ROOT}/Manifest.lock\" > /dev/null\nif [[ $? != 0 ]] ; then\n    cat << EOM\nerror: The sandbox is not in sync with the Podfile.lock. Run 'pod install' or update your CocoaPods installation.\nEOM\n    exit 1\nfi\n";
			showEnvVarsInLog = 0;
		};
		4CB6EB2C81D4DB9DA1BBD380 /* 📦 Copy Pods Resources */ = {
			isa = PBXShellScriptBuildPhase;
			buildActionMask = 2147483647;
			files = (
			);
			inputPaths = (
			);
			name = "📦 Copy Pods Resources";
			outputPaths = (
			);
			runOnlyForDeploymentPostprocessing = 0;
			shellPath = /bin/sh;
			shellScript = "\"${SRCROOT}/Pods/Target Support Files/Pods-ListaTelefonica/Pods-ListaTelefonica-resources.sh\"\n";
			showEnvVarsInLog = 0;
		};
		E9E5206E51AA34EE186B0E71 /* 📦 Embed Pods Frameworks */ = {
			isa = PBXShellScriptBuildPhase;
			buildActionMask = 2147483647;
			files = (
			);
			inputPaths = (
			);
			name = "📦 Embed Pods Frameworks";
			outputPaths = (
			);
			runOnlyForDeploymentPostprocessing = 0;
			shellPath = /bin/sh;
			shellScript = "\"${SRCROOT}/Pods/Target Support Files/Pods-ListaTelefonica/Pods-ListaTelefonica-frameworks.sh\"\n";
			showEnvVarsInLog = 0;
		};
/* End PBXShellScriptBuildPhase section */

/* Begin PBXSourcesBuildPhase section */
		93F69F481D9452010013F81B /* Sources */ = {
			isa = PBXSourcesBuildPhase;
			buildActionMask = 2147483647;
			files = (
				93F69F521D9452010013F81B /* ViewController.swift in Sources */,
				93F69F681D9453790013F81B /* Status.swift in Sources */,
				93F69F6C1D9453F00013F81B /* Local.swift in Sources */,
				93F69F661D94532D0013F81B /* Service.swift in Sources */,
				93F69F501D9452010013F81B /* AppDelegate.swift in Sources */,
				93F69F6A1D9453AB0013F81B /* Response.swift in Sources */,
			);
			runOnlyForDeploymentPostprocessing = 0;
		};
/* End PBXSourcesBuildPhase section */

/* Begin PBXVariantGroup section */
		93F69F531D9452010013F81B /* Main.storyboard */ = {
			isa = PBXVariantGroup;
			children = (
				93F69F541D9452010013F81B /* Base */,
			);
			name = Main.storyboard;
			sourceTree = "<group>";
		};
		93F69F581D9452010013F81B /* LaunchScreen.storyboard */ = {
			isa = PBXVariantGroup;
			children = (
				93F69F591D9452010013F81B /* Base */,
			);
			name = LaunchScreen.storyboard;
			sourceTree = "<group>";
		};
/* End PBXVariantGroup section */

/* Begin XCBuildConfiguration section */
		93F69F5C1D9452010013F81B /* Debug */ = {
			isa = XCBuildConfiguration;
			buildSettings = {
				ALWAYS_SEARCH_USER_PATHS = NO;
				CLANG_ANALYZER_NONNULL = YES;
				CLANG_CXX_LANGUAGE_STANDARD = "gnu++0x";
				CLANG_CXX_LIBRARY = "libc++";
				CLANG_ENABLE_MODULES = YES;
				CLANG_ENABLE_OBJC_ARC = YES;
				CLANG_WARN_BOOL_CONVERSION = YES;
				CLANG_WARN_CONSTANT_CONVERSION = YES;
				CLANG_WARN_DIRECT_OBJC_ISA_USAGE = YES_ERROR;
				CLANG_WARN_EMPTY_BODY = YES;
				CLANG_WARN_ENUM_CONVERSION = YES;
				CLANG_WARN_INT_CONVERSION = YES;
				CLANG_WARN_OBJC_ROOT_CLASS = YES_ERROR;
				CLANG_WARN_UNREACHABLE_CODE = YES;
				CLANG_WARN__DUPLICATE_METHOD_MATCH = YES;
				"CODE_SIGN_IDENTITY[sdk=iphoneos*]" = "iPhone Developer";
				COPY_PHASE_STRIP = NO;
				DEBUG_INFORMATION_FORMAT = dwarf;
				ENABLE_STRICT_OBJC_MSGSEND = YES;
				ENABLE_TESTABILITY = YES;
				GCC_C_LANGUAGE_STANDARD = gnu99;
				GCC_DYNAMIC_NO_PIC = NO;
				GCC_NO_COMMON_BLOCKS = YES;
				GCC_OPTIMIZATION_LEVEL = 0;
				GCC_PREPROCESSOR_DEFINITIONS = (
					"DEBUG=1",
					"$(inherited)",
				);
				GCC_WARN_64_TO_32_BIT_CONVERSION = YES;
				GCC_WARN_ABOUT_RETURN_TYPE = YES_ERROR;
				GCC_WARN_UNDECLARED_SELECTOR = YES;
				GCC_WARN_UNINITIALIZED_AUTOS = YES_AGGRESSIVE;
				GCC_WARN_UNUSED_FUNCTION = YES;
				GCC_WARN_UNUSED_VARIABLE = YES;
				IPHONEOS_DEPLOYMENT_TARGET = 9.3;
				MTL_ENABLE_DEBUG_INFO = YES;
				ONLY_ACTIVE_ARCH = YES;
				SDKROOT = iphoneos;
				SWIFT_OPTIMIZATION_LEVEL = "-Onone";
			};
			name = Debug;
		};
		93F69F5D1D9452010013F81B /* Release */ = {
			isa = XCBuildConfiguration;
			buildSettings = {
				ALWAYS_SEARCH_USER_PATHS = NO;
				CLANG_ANALYZER_NONNULL = YES;
				CLANG_CXX_LANGUAGE_STANDARD = "gnu++0x";
				CLANG_CXX_LIBRARY = "libc++";
				CLANG_ENABLE_MODULES = YES;
				CLANG_ENABLE_OBJC_ARC = YES;
				CLANG_WARN_BOOL_CONVERSION = YES;
				CLANG_WARN_CONSTANT_CONVERSION = YES;
				CLANG_WARN_DIRECT_OBJC_ISA_USAGE = YES_ERROR;
				CLANG_WARN_EMPTY_BODY = YES;
				CLANG_WARN_ENUM_CONVERSION = YES;
				CLANG_WARN_INT_CONVERSION = YES;
				CLANG_WARN_OBJC_ROOT_CLASS = YES_ERROR;
				CLANG_WARN_UNREACHABLE_CODE = YES;
				CLANG_WARN__DUPLICATE_METHOD_MATCH = YES;
				"CODE_SIGN_IDENTITY[sdk=iphoneos*]" = "iPhone Developer";
				COPY_PHASE_STRIP = NO;
				DEBUG_INFORMATION_FORMAT = "dwarf-with-dsym";
				ENABLE_NS_ASSERTIONS = NO;
				ENABLE_STRICT_OBJC_MSGSEND = YES;
				GCC_C_LANGUAGE_STANDARD = gnu99;
				GCC_NO_COMMON_BLOCKS = YES;
				GCC_WARN_64_TO_32_BIT_CONVERSION = YES;
				GCC_WARN_ABOUT_RETURN_TYPE = YES_ERROR;
				GCC_WARN_UNDECLARED_SELECTOR = YES;
				GCC_WARN_UNINITIALIZED_AUTOS = YES_AGGRESSIVE;
				GCC_WARN_UNUSED_FUNCTION = YES;
				GCC_WARN_UNUSED_VARIABLE = YES;
				IPHONEOS_DEPLOYMENT_TARGET = 9.3;
				MTL_ENABLE_DEBUG_INFO = NO;
				SDKROOT = iphoneos;
				VALIDATE_PRODUCT = YES;
			};
			name = Release;
		};
		93F69F5F1D9452010013F81B /* Debug */ = {
			isa = XCBuildConfiguration;
			baseConfigurationReference = 21FBDD3A7B982F2099ED885A /* Pods-ListaTelefonica.debug.xcconfig */;
			buildSettings = {
				ASSETCATALOG_COMPILER_APPICON_NAME = AppIcon;
				INFOPLIST_FILE = ListaTelefonica/Info.plist;
				LD_RUNPATH_SEARCH_PATHS = "$(inherited) @executable_path/Frameworks";
				PRODUCT_BUNDLE_IDENTIFIER = rodrigocavalcante.ListaTelefonica;
				PRODUCT_NAME = "$(TARGET_NAME)";
			};
			name = Debug;
		};
		93F69F601D9452010013F81B /* Release */ = {
			isa = XCBuildConfiguration;
			baseConfigurationReference = 130DA44C580D4B8CBC52B017 /* Pods-ListaTelefonica.release.xcconfig */;
			buildSettings = {
				ASSETCATALOG_COMPILER_APPICON_NAME = AppIcon;
				INFOPLIST_FILE = ListaTelefonica/Info.plist;
				LD_RUNPATH_SEARCH_PATHS = "$(inherited) @executable_path/Frameworks";
				PRODUCT_BUNDLE_IDENTIFIER = rodrigocavalcante.ListaTelefonica;
				PRODUCT_NAME = "$(TARGET_NAME)";
			};
			name = Release;
		};
/* End XCBuildConfiguration section */

/* Begin XCConfigurationList section */
		93F69F471D9452000013F81B /* Build configuration list for PBXProject "ListaTelefonica" */ = {
			isa = XCConfigurationList;
			buildConfigurations = (
				93F69F5C1D9452010013F81B /* Debug */,
				93F69F5D1D9452010013F81B /* Release */,
			);
			defaultConfigurationIsVisible = 0;
			defaultConfigurationName = Release;
		};
		93F69F5E1D9452010013F81B /* Build configuration list for PBXNativeTarget "ListaTelefonica" */ = {
			isa = XCConfigurationList;
			buildConfigurations = (
				93F69F5F1D9452010013F81B /* Debug */,
				93F69F601D9452010013F81B /* Release */,
			);
			defaultConfigurationIsVisible = 0;
			defaultConfigurationName = Release;
		};
/* End XCConfigurationList section */
	};
	rootObject = 93F69F441D9452000013F81B /* Project object */;
}
